
Microsoft Visual Studio Solution File, Format Version 12.00
# Visual Studio Version 16
VisualStudioVersion = 16.0.29102.190
MinimumVisualStudioVersion = 10.0.40219.1
Project("{FAE04EC0-301F-11D3-BF4B-00C04F79EFBC}") = "CodeWars", "CodeWars\CodeWars.csproj", "{AC1770CD-DB67-4504-A38C-4ADFA44D1FD9}"
EndProject
Project("{FAE04EC0-301F-11D3-BF4B-00C04F79EFBC}") = "CodeWars.Isograms", "CodeWars.Isograms\CodeWars.Isograms.csproj", "{66A4F020-C5BE-44B9-BE64-D865D32F93DB}"
EndProject
Project("{FAE04EC0-301F-11D3-BF4B-00C04F79EFBC}") = "CodeWars.Tests", "CodeWars.Tests\CodeWars.Tests.csproj", "{33D39A23-D0F3-42C6-A212-FFD8C73E49F5}"
EndProject
Project("{FAE04EC0-301F-11D3-BF4B-00C04F79EFBC}") = "CodeWars.JaggedArrays", "CodeWars.JaggedArrays\CodeWars.JaggedArrays.csproj", "{D0206C42-E57E-4D18-9C5A-FB6DD19BA838}"
EndProject
Project("{FAE04EC0-301F-11D3-BF4B-00C04F79EFBC}") = "CodeWars.CenturyCalculator", "CodeWars.CenturyCalculator\CodeWars.CenturyCalculator.csproj", "{C07B738C-EE19-462D-805E-B7E403FC3FEA}"
EndProject
Global
	GlobalSection(SolutionConfigurationPlatforms) = preSolution
		Debug|Any CPU = Debug|Any CPU
		Release|Any CPU = Release|Any CPU
	EndGlobalSection
	GlobalSection(ProjectConfigurationPlatforms) = postSolution
		{AC1770CD-DB67-4504-A38C-4ADFA44D1FD9}.Debug|Any CPU.ActiveCfg = Debug|Any CPU
		{AC1770CD-DB67-4504-A38C-4ADFA44D1FD9}.Debug|Any CPU.Build.0 = Debug|Any CPU
		{AC1770CD-DB67-4504-A38C-4ADFA44D1FD9}.Release|Any CPU.ActiveCfg = Release|Any CPU
		{AC1770CD-DB67-4504-A38C-4ADFA44D1FD9}.Release|Any CPU.Build.0 = Release|Any CPU
		{66A4F020-C5BE-44B9-BE64-D865D32F93DB}.Debug|Any CPU.ActiveCfg = Debug|Any CPU
		{66A4F020-C5BE-44B9-BE64-D865D32F93DB}.Debug|Any CPU.Build.0 = Debug|Any CPU
		{66A4F020-C5BE-44B9-BE64-D865D32F93DB}.Release|Any CPU.ActiveCfg = Release|Any CPU
		{66A4F020-C5BE-44B9-BE64-D865D32F93DB}.Release|Any CPU.Build.0 = Release|Any CPU
		{33D39A23-D0F3-42C6-A212-FFD8C73E49F5}.Debug|Any CPU.ActiveCfg = Debug|Any CPU
		{33D39A23-D0F3-42C6-A212-FFD8C73E49F5}.Debug|Any CPU.Build.0 = Debug|Any CPU
		{33D39A23-D0F3-42C6-A212-FFD8C73E49F5}.Release|Any CPU.ActiveCfg = Release|Any CPU
		{33D39A23-D0F3-42C6-A212-FFD8C73E49F5}.Release|Any CPU.Build.0 = Release|Any CPU
		{D0206C42-E57E-4D18-9C5A-FB6DD19BA838}.Debug|Any CPU.ActiveCfg = Debug|Any CPU
		{D0206C42-E57E-4D18-9C5A-FB6DD19BA838}.Debug|Any CPU.Build.0 = Debug|Any CPU
		{D0206C42-E57E-4D18-9C5A-FB6DD19BA838}.Release|Any CPU.ActiveCfg = Release|Any CPU
		{D0206C42-E57E-4D18-9C5A-FB6DD19BA838}.Release|Any CPU.Build.0 = Release|Any CPU
		{C07B738C-EE19-462D-805E-B7E403FC3FEA}.Debug|Any CPU.ActiveCfg = Debug|Any CPU
		{C07B738C-EE19-462D-805E-B7E403FC3FEA}.Debug|Any CPU.Build.0 = Debug|Any CPU
		{C07B738C-EE19-462D-805E-B7E403FC3FEA}.Release|Any CPU.ActiveCfg = Release|Any CPU
		{C07B738C-EE19-462D-805E-B7E403FC3FEA}.Release|Any CPU.Build.0 = Release|Any CPU
	EndGlobalSection
	GlobalSection(SolutionProperties) = preSolution
		HideSolutionNode = FALSE
	EndGlobalSection
	GlobalSection(ExtensibilityGlobals) = postSolution
		SolutionGuid = {DE4ED0D1-71B3-4F99-B431-BE96FC192E38}
	EndGlobalSection
EndGlobal
